{
  "name": "winepairbot",
  "version": "0.0.0",
  "lockfileVersion": 1,
  "requires": true,
  "dependencies": {
    "eslint": {
      "version": "6.8.0",
      "dev": true,
      "requires": {
        "@babel/code-frame": "^7.0.0",
        "ajv": "^6.10.0",
        "chalk": "^2.1.0",
        "cross-spawn": "^6.0.5",
        "debug": "^4.0.1",
        "doctrine": "^3.0.0",
        "eslint-scope": "^5.0.0",
        "eslint-utils": "^1.4.3",
        "eslint-visitor-keys": "^1.1.0",
        "espree": "^6.1.2",
        "esquery": "^1.0.1",
        "esutils": "^2.0.2",
        "file-entry-cache": "^5.0.1",
        "functional-red-black-tree": "^1.0.1",
        "glob-parent": "^5.0.0",
        "globals": "^12.1.0",
        "ignore": "^4.0.6",
        "import-fresh": "^3.0.0",
        "imurmurhash": "^0.1.4",
        "inquirer": "^7.0.0",
        "is-glob": "^4.0.0",
        "js-yaml": "^3.13.1",
        "json-stable-stringify-without-jsonify": "^1.0.1",
        "levn": "^0.3.0",
        "lodash": "^4.17.14",
        "minimatch": "^3.0.4",
        "mkdirp": "^0.5.1",
        "natural-compare": "^1.4.0",
        "optionator": "^0.8.3",
        "progress": "^2.0.0",
        "regexpp": "^2.0.1",
        "semver": "^6.1.2",
        "strip-ansi": "^5.2.0",
        "strip-json-comments": "^3.0.1",
        "table": "^5.2.3",
        "text-table": "^0.2.0",
        "v8-compile-cache": "^2.0.3"
      },
      "dependencies": {
        "@babel/code-frame": {
          "version": "7.8.3",
          "bundled": true,
          "dev": true,
          "requires": {
            "@babel/highlight": "^7.8.3"
          }
        },
        "@babel/helper-validator-identifier": {
          "version": "7.9.5",
          "bundled": true,
          "dev": true
        },
        "@babel/highlight": {
          "version": "7.9.0",
          "bundled": true,
          "dev": true,
          "requires": {
            "@babel/helper-validator-identifier": "^7.9.0",
            "chalk": "^2.0.0",
            "js-tokens": "^4.0.0"
          }
        },
        "@types/color-name": {
          "version": "1.1.1",
          "bundled": true,
          "dev": true
        },
        "acorn": {
          "version": "7.2.0",
          "bundled": true,
          "dev": true
        },
        "acorn-jsx": {
          "version": "5.2.0",
          "bundled": true,
          "dev": true
        },
        "ajv": {
          "version": "6.12.2",
          "bundled": true,
          "dev": true,
          "requires": {
            "fast-deep-equal": "^3.1.1",
            "fast-json-stable-stringify": "^2.0.0",
            "json-schema-traverse": "^0.4.1",
            "uri-js": "^4.2.2"
          }
        },
        "ansi-escapes": {
          "version": "4.3.1",
          "bundled": true,
          "dev": true,
          "requires": {
            "type-fest": "^0.11.0"
          },
          "dependencies": {
            "type-fest": {
              "version": "0.11.0",
              "resolved": "https://registry.npmjs.org/type-fest/-/type-fest-0.11.0.tgz",
              "integrity": "sha512-OdjXJxnCN1AvyLSzeKIgXTXxV+99ZuXl3Hpo9XpJAv9MBcHrrJOQ5kV7ypXOuQie+AmWG25hLbiKdwYTifzcfQ==",
              "dev": true
            }
          }
        },
        "ansi-regex": {
          "version": "5.0.0",
          "bundled": true,
          "dev": true
        },
        "ansi-styles": {
          "version": "3.2.1",
          "bundled": true,
          "dev": true,
          "requires": {
            "color-convert": "^1.9.0"
          }
        },
        "argparse": {
          "version": "1.0.10",
          "bundled": true,
          "dev": true,
          "requires": {
            "sprintf-js": "~1.0.2"
          }
        },
        "astral-regex": {
          "version": "1.0.0",
          "bundled": true,
          "dev": true
        },
        "balanced-match": {
          "version": "1.0.0",
          "bundled": true,
          "dev": true
        },
        "brace-expansion": {
          "version": "1.1.11",
          "bundled": true,
          "dev": true,
          "requires": {
            "balanced-match": "^1.0.0",
            "concat-map": "0.0.1"
          }
        },
        "callsites": {
          "version": "3.1.0",
          "bundled": true,
          "dev": true
        },
        "chalk": {
          "version": "2.4.2",
          "bundled": true,
          "dev": true,
          "requires": {
            "ansi-styles": "^3.2.1",
            "escape-string-regexp": "^1.0.5",
            "supports-color": "^5.3.0"
          }
        },
        "chardet": {
          "version": "0.7.0",
          "bundled": true,
          "dev": true
        },
        "cli-cursor": {
          "version": "3.1.0",
          "bundled": true,
          "dev": true,
          "requires": {
            "restore-cursor": "^3.1.0"
          }
        },
        "cli-width": {
          "version": "2.2.1",
          "bundled": true,
          "dev": true
        },
        "color-convert": {
          "version": "1.9.3",
          "bundled": true,
          "dev": true,
          "requires": {
            "color-name": "1.1.3"
          }
        },
        "color-name": {
          "version": "1.1.3",
          "bundled": true,
          "dev": true
        },
        "concat-map": {
          "version": "0.0.1",
          "bundled": true,
          "dev": true
        },
        "cross-spawn": {
          "version": "6.0.5",
          "bundled": true,
          "dev": true,
          "requires": {
            "nice-try": "^1.0.4",
            "path-key": "^2.0.1",
            "semver": "^5.5.0",
            "shebang-command": "^1.2.0",
            "which": "^1.2.9"
          },
          "dependencies": {
            "semver": {
              "version": "5.7.1",
              "resolved": "https://registry.npmjs.org/semver/-/semver-5.7.1.tgz",
              "integrity": "sha512-sauaDf/PZdVgrLTNYHRtpXa1iRiKcaebiKQ1BJdpQlWH2lCvexQdX55snPFyK7QzpudqbCI0qXFfOasHdyNDGQ==",
              "dev": true
            }
          }
        },
        "debug": {
          "version": "4.1.1",
          "bundled": true,
          "dev": true,
          "requires": {
            "ms": "^2.1.1"
          }
        },
        "deep-is": {
          "version": "0.1.3",
          "bundled": true,
          "dev": true
        },
        "doctrine": {
          "version": "3.0.0",
          "bundled": true,
          "dev": true,
          "requires": {
            "esutils": "^2.0.2"
          }
        },
        "emoji-regex": {
          "version": "8.0.0",
          "bundled": true,
          "dev": true
        },
        "escape-string-regexp": {
          "version": "1.0.5",
          "bundled": true,
          "dev": true
        },
        "eslint-scope": {
          "version": "5.0.0",
          "bundled": true,
          "dev": true,
          "requires": {
            "esrecurse": "^4.1.0",
            "estraverse": "^4.1.1"
          }
        },
        "eslint-utils": {
          "version": "1.4.3",
          "bundled": true,
          "dev": true,
          "requires": {
            "eslint-visitor-keys": "^1.1.0"
          }
        },
        "eslint-visitor-keys": {
          "version": "1.1.0",
          "bundled": true,
          "dev": true
        },
        "espree": {
          "version": "6.2.1",
          "bundled": true,
          "dev": true,
          "requires": {
            "acorn": "^7.1.1",
            "acorn-jsx": "^5.2.0",
            "eslint-visitor-keys": "^1.1.0"
          }
        },
        "esprima": {
          "version": "4.0.1",
          "bundled": true,
          "dev": true
        },
        "esquery": {
          "version": "1.3.1",
          "bundled": true,
          "dev": true,
          "requires": {
            "estraverse": "^5.1.0"
          },
          "dependencies": {
            "estraverse": {
              "version": "5.1.0",
              "resolved": "https://registry.npmjs.org/estraverse/-/estraverse-5.1.0.tgz",
              "integrity": "sha512-FyohXK+R0vE+y1nHLoBM7ZTyqRpqAlhdZHCWIWEviFLiGB8b04H6bQs8G+XTthacvT8VuwvteiP7RJSxMs8UEw==",
              "dev": true
            }
          }
        },
        "esrecurse": {
          "version": "4.2.1",
          "bundled": true,
          "dev": true,
          "requires": {
            "estraverse": "^4.1.0"
          }
        },
        "estraverse": {
          "version": "4.3.0",
          "bundled": true,
          "dev": true
        },
        "esutils": {
          "version": "2.0.3",
          "bundled": true,
          "dev": true
        },
        "external-editor": {
          "version": "3.1.0",
          "bundled": true,
          "dev": true,
          "requires": {
            "chardet": "^0.7.0",
            "iconv-lite": "^0.4.24",
            "tmp": "^0.0.33"
          }
        },
        "fast-deep-equal": {
          "version": "3.1.1",
          "bundled": true,
          "dev": true
        },
        "fast-json-stable-stringify": {
          "version": "2.1.0",
          "bundled": true,
          "dev": true
        },
        "fast-levenshtein": {
          "version": "2.0.6",
          "bundled": true,
          "dev": true
        },
        "figures": {
          "version": "3.2.0",
          "bundled": true,
          "dev": true,
          "requires": {
            "escape-string-regexp": "^1.0.5"
          }
        },
        "file-entry-cache": {
          "version": "5.0.1",
          "bundled": true,
          "dev": true,
          "requires": {
            "flat-cache": "^2.0.1"
          }
        },
        "flat-cache": {
          "version": "2.0.1",
          "bundled": true,
          "dev": true,
          "requires": {
            "flatted": "^2.0.0",
            "rimraf": "2.6.3",
            "write": "1.0.3"
          }
        },
        "flatted": {
          "version": "2.0.2",
          "bundled": true,
          "dev": true
        },
        "fs.realpath": {
          "version": "1.0.0",
          "bundled": true,
          "dev": true
        },
        "functional-red-black-tree": {
          "version": "1.0.1",
          "bundled": true,
          "dev": true
        },
        "glob": {
          "version": "7.1.6",
          "bundled": true,
          "dev": true,
          "requires": {
            "fs.realpath": "^1.0.0",
            "inflight": "^1.0.4",
            "inherits": "2",
            "minimatch": "^3.0.4",
            "once": "^1.3.0",
            "path-is-absolute": "^1.0.0"
          }
        },
        "glob-parent": {
          "version": "5.1.1",
          "bundled": true,
          "dev": true,
          "requires": {
            "is-glob": "^4.0.1"
          }
        },
        "globals": {
          "version": "12.4.0",
          "bundled": true,
          "dev": true,
          "requires": {
            "type-fest": "^0.8.1"
          }
        },
        "has-flag": {
          "version": "3.0.0",
          "bundled": true,
          "dev": true
        },
        "iconv-lite": {
          "version": "0.4.24",
          "bundled": true,
          "dev": true,
          "requires": {
            "safer-buffer": ">= 2.1.2 < 3"
          }
        },
        "ignore": {
          "version": "4.0.6",
          "bundled": true,
          "dev": true
        },
        "import-fresh": {
          "version": "3.2.1",
          "bundled": true,
          "dev": true,
          "requires": {
            "parent-module": "^1.0.0",
            "resolve-from": "^4.0.0"
          }
        },
        "imurmurhash": {
          "version": "0.1.4",
          "bundled": true,
          "dev": true
        },
        "inflight": {
          "version": "1.0.6",
          "bundled": true,
          "dev": true,
          "requires": {
            "once": "^1.3.0",
            "wrappy": "1"
          }
        },
        "inherits": {
          "version": "2.0.4",
          "bundled": true,
          "dev": true
        },
        "inquirer": {
          "version": "7.1.0",
          "bundled": true,
          "dev": true,
          "requires": {
            "ansi-escapes": "^4.2.1",
            "chalk": "^3.0.0",
            "cli-cursor": "^3.1.0",
            "cli-width": "^2.0.0",
            "external-editor": "^3.0.3",
            "figures": "^3.0.0",
            "lodash": "^4.17.15",
            "mute-stream": "0.0.8",
            "run-async": "^2.4.0",
            "rxjs": "^6.5.3",
            "string-width": "^4.1.0",
            "strip-ansi": "^6.0.0",
            "through": "^2.3.6"
          },
          "dependencies": {
            "ansi-styles": {
              "version": "4.2.1",
              "resolved": "https://registry.npmjs.org/ansi-styles/-/ansi-styles-4.2.1.tgz",
              "integrity": "sha512-9VGjrMsG1vePxcSweQsN20KY/c4zN0h9fLjqAbwbPfahM3t+NL+M9HC8xeXG2I8pX5NoamTGNuomEUFI7fcUjA==",
              "dev": true,
              "requires": {
                "@types/color-name": "^1.1.1",
                "color-convert": "^2.0.1"
              }
            },
            "chalk": {
              "version": "3.0.0",
              "resolved": "https://registry.npmjs.org/chalk/-/chalk-3.0.0.tgz",
              "integrity": "sha512-4D3B6Wf41KOYRFdszmDqMCGq5VV/uMAB273JILmO+3jAlh8X4qDtdtgCR3fxtbLEMzSx22QdhnDcJvu2u1fVwg==",
              "dev": true,
              "requires": {
                "ansi-styles": "^4.1.0",
                "supports-color": "^7.1.0"
              }
            },
            "color-convert": {
              "version": "2.0.1",
              "resolved": "https://registry.npmjs.org/color-convert/-/color-convert-2.0.1.tgz",
              "integrity": "sha512-RRECPsj7iu/xb5oKYcsFHSppFNnsj/52OVTRKb4zP5onXwVF3zVmmToNcOfGC+CRDpfK/U584fMg38ZHCaElKQ==",
              "dev": true,
              "requires": {
                "color-name": "~1.1.4"
              }
            },
            "color-name": {
              "version": "1.1.4",
              "resolved": "https://registry.npmjs.org/color-name/-/color-name-1.1.4.tgz",
              "integrity": "sha512-dOy+3AuW3a2wNbZHIuMZpTcgjGuLU/uBL/ubcZF9OXbDo8ff4O8yVp5Bf0efS8uEoYo5q4Fx7dY9OgQGXgAsQA==",
              "dev": true
            },
            "has-flag": {
              "version": "4.0.0",
              "resolved": "https://registry.npmjs.org/has-flag/-/has-flag-4.0.0.tgz",
              "integrity": "sha512-EykJT/Q1KjTWctppgIAgfSO0tKVuZUjhgMr17kqTumMl6Afv3EISleU7qZUzoXDFTAHTDC4NOoG/ZxU3EvlMPQ==",
              "dev": true
            },
            "strip-ansi": {
              "version": "6.0.0",
              "resolved": "https://registry.npmjs.org/strip-ansi/-/strip-ansi-6.0.0.tgz",
              "integrity": "sha512-AuvKTrTfQNYNIctbR1K/YGTR1756GycPsg7b9bdV9Duqur4gv6aKqHXah67Z8ImS7WEz5QVcOtlfW2rZEugt6w==",
              "dev": true,
              "requires": {
                "ansi-regex": "^5.0.0"
              }
            },
            "supports-color": {
              "version": "7.1.0",
              "resolved": "https://registry.npmjs.org/supports-color/-/supports-color-7.1.0.tgz",
              "integrity": "sha512-oRSIpR8pxT1Wr2FquTNnGet79b3BWljqOuoW/h4oBhxJ/HUbX5nX6JSruTkvXDCFMwDPvsaTTbvMLKZWSy0R5g==",
              "dev": true,
              "requires": {
                "has-flag": "^4.0.0"
              }
            }
          }
        },
        "is-extglob": {
          "version": "2.1.1",
          "bundled": true,
          "dev": true
        },
        "is-fullwidth-code-point": {
          "version": "3.0.0",
          "bundled": true,
          "dev": true
        },
        "is-glob": {
          "version": "4.0.1",
          "bundled": true,
          "dev": true,
          "requires": {
            "is-extglob": "^2.1.1"
          }
        },
        "isexe": {
          "version": "2.0.0",
          "bundled": true,
          "dev": true
        },
        "js-tokens": {
          "version": "4.0.0",
          "bundled": true,
          "dev": true
        },
        "js-yaml": {
          "version": "3.13.1",
          "bundled": true,
          "dev": true,
          "requires": {
            "argparse": "^1.0.7",
            "esprima": "^4.0.0"
          }
        },
        "json-schema-traverse": {
          "version": "0.4.1",
          "bundled": true,
          "dev": true
        },
        "json-stable-stringify-without-jsonify": {
          "version": "1.0.1",
          "bundled": true,
          "dev": true
        },
        "levn": {
          "version": "0.3.0",
          "bundled": true,
          "dev": true,
          "requires": {
            "prelude-ls": "~1.1.2",
            "type-check": "~0.3.2"
          }
        },
        "lodash": {
          "version": "4.17.15",
          "bundled": true,
          "dev": true
        },
        "mimic-fn": {
          "version": "2.1.0",
          "bundled": true,
          "dev": true
        },
        "minimatch": {
          "version": "3.0.4",
          "bundled": true,
          "dev": true,
          "requires": {
            "brace-expansion": "^1.1.7"
          }
        },
        "minimist": {
          "version": "1.2.5",
          "bundled": true,
          "dev": true
        },
        "mkdirp": {
          "version": "0.5.5",
          "bundled": true,
          "dev": true,
          "requires": {
            "minimist": "^1.2.5"
          }
        },
        "ms": {
          "version": "2.1.2",
          "bundled": true,
          "dev": true
        },
        "mute-stream": {
          "version": "0.0.8",
          "bundled": true,
          "dev": true
        },
        "natural-compare": {
          "version": "1.4.0",
          "bundled": true,
          "dev": true
        },
        "nice-try": {
          "version": "1.0.5",
          "bundled": true,
          "dev": true
        },
        "once": {
          "version": "1.4.0",
          "bundled": true,
          "dev": true,
          "requires": {
            "wrappy": "1"
          }
        },
        "onetime": {
          "version": "5.1.0",
          "bundled": true,
          "dev": true,
          "requires": {
            "mimic-fn": "^2.1.0"
          }
        },
        "optionator": {
          "version": "0.8.3",
          "bundled": true,
          "dev": true,
          "requires": {
            "deep-is": "~0.1.3",
            "fast-levenshtein": "~2.0.6",
            "levn": "~0.3.0",
            "prelude-ls": "~1.1.2",
            "type-check": "~0.3.2",
            "word-wrap": "~1.2.3"
          }
        },
        "os-tmpdir": {
          "version": "1.0.2",
          "bundled": true,
          "dev": true
        },
        "parent-module": {
          "version": "1.0.1",
          "bundled": true,
          "dev": true,
          "requires": {
            "callsites": "^3.0.0"
          }
        },
        "path-is-absolute": {
          "version": "1.0.1",
          "bundled": true,
          "dev": true
        },
        "path-key": {
          "version": "2.0.1",
          "bundled": true,
          "dev": true
        },
        "prelude-ls": {
          "version": "1.1.2",
          "bundled": true,
          "dev": true
        },
        "progress": {
          "version": "2.0.3",
          "bundled": true,
          "dev": true
        },
        "punycode": {
          "version": "2.1.1",
          "bundled": true,
          "dev": true
        },
        "regexpp": {
          "version": "2.0.1",
          "bundled": true,
          "dev": true
        },
        "resolve-from": {
          "version": "4.0.0",
          "bundled": true,
          "dev": true
        },
        "restore-cursor": {
          "version": "3.1.0",
          "bundled": true,
          "dev": true,
          "requires": {
            "onetime": "^5.1.0",
            "signal-exit": "^3.0.2"
          }
        },
        "rimraf": {
          "version": "2.6.3",
          "bundled": true,
          "dev": true,
          "requires": {
            "glob": "^7.1.3"
          }
        },
        "run-async": {
          "version": "2.4.1",
          "bundled": true,
          "dev": true
        },
        "rxjs": {
          "version": "6.5.5",
          "bundled": true,
          "dev": true,
          "requires": {
            "tslib": "^1.9.0"
          }
        },
        "safer-buffer": {
          "version": "2.1.2",
          "bundled": true,
          "dev": true
        },
        "semver": {
          "version": "6.3.0",
          "bundled": true,
          "dev": true
        },
        "shebang-command": {
          "version": "1.2.0",
          "bundled": true,
          "dev": true,
          "requires": {
            "shebang-regex": "^1.0.0"
          }
        },
        "shebang-regex": {
          "version": "1.0.0",
          "bundled": true,
          "dev": true
        },
        "signal-exit": {
          "version": "3.0.3",
          "bundled": true,
          "dev": true
        },
        "slice-ansi": {
          "version": "2.1.0",
          "bundled": true,
          "dev": true,
          "requires": {
            "ansi-styles": "^3.2.0",
            "astral-regex": "^1.0.0",
            "is-fullwidth-code-point": "^2.0.0"
          },
          "dependencies": {
            "is-fullwidth-code-point": {
              "version": "2.0.0",
              "resolved": "https://registry.npmjs.org/is-fullwidth-code-point/-/is-fullwidth-code-point-2.0.0.tgz",
              "integrity": "sha1-o7MKXE8ZkYMWeqq5O+764937ZU8=",
              "dev": true
            }
          }
        },
        "sprintf-js": {
          "version": "1.0.3",
          "bundled": true,
          "dev": true
        },
        "string-width": {
          "version": "4.2.0",
          "bundled": true,
          "dev": true,
          "requires": {
            "emoji-regex": "^8.0.0",
            "is-fullwidth-code-point": "^3.0.0",
            "strip-ansi": "^6.0.0"
          },
          "dependencies": {
            "strip-ansi": {
              "version": "6.0.0",
              "resolved": "https://registry.npmjs.org/strip-ansi/-/strip-ansi-6.0.0.tgz",
              "integrity": "sha512-AuvKTrTfQNYNIctbR1K/YGTR1756GycPsg7b9bdV9Duqur4gv6aKqHXah67Z8ImS7WEz5QVcOtlfW2rZEugt6w==",
              "dev": true,
              "requires": {
                "ansi-regex": "^5.0.0"
              }
            }
          }
        },
        "strip-ansi": {
          "version": "5.2.0",
          "bundled": true,
          "dev": true,
          "requires": {
            "ansi-regex": "^4.1.0"
          },
          "dependencies": {
            "ansi-regex": {
              "version": "4.1.0",
              "resolved": "https://registry.npmjs.org/ansi-regex/-/ansi-regex-4.1.0.tgz",
              "integrity": "sha512-1apePfXM1UOSqw0o9IiFAovVz9M5S1Dg+4TrDwfMewQ6p/rmMueb7tWZjQ1rx4Loy1ArBggoqGpfqqdI4rondg==",
              "dev": true
            }
          }
        },
        "strip-json-comments": {
          "version": "3.1.0",
          "bundled": true,
          "dev": true
        },
        "supports-color": {
          "version": "5.5.0",
          "bundled": true,
          "dev": true,
          "requires": {
            "has-flag": "^3.0.0"
          }
        },
        "table": {
          "version": "5.4.6",
          "bundled": true,
          "dev": true,
          "requires": {
            "ajv": "^6.10.2",
            "lodash": "^4.17.14",
            "slice-ansi": "^2.1.0",
            "string-width": "^3.0.0"
          },
          "dependencies": {
            "emoji-regex": {
              "version": "7.0.3",
              "resolved": "https://registry.npmjs.org/emoji-regex/-/emoji-regex-7.0.3.tgz",
              "integrity": "sha512-CwBLREIQ7LvYFB0WyRvwhq5N5qPhc6PMjD6bYggFlI5YyDgl+0vxq5VHbMOFqLg7hfWzmu8T5Z1QofhmTIhItA==",
              "dev": true
            },
            "is-fullwidth-code-point": {
              "version": "2.0.0",
              "resolved": "https://registry.npmjs.org/is-fullwidth-code-point/-/is-fullwidth-code-point-2.0.0.tgz",
              "integrity": "sha1-o7MKXE8ZkYMWeqq5O+764937ZU8=",
              "dev": true
            },
            "string-width": {
              "version": "3.1.0",
              "resolved": "https://registry.npmjs.org/string-width/-/string-width-3.1.0.tgz",
              "integrity": "sha512-vafcv6KjVZKSgz06oM/H6GDBrAtz8vdhQakGjFIvNrHA6y3HCF1CInLy+QLq8dTJPQ1b+KDUqDFctkdRW44e1w==",
              "dev": true,
              "requires": {
                "emoji-regex": "^7.0.1",
                "is-fullwidth-code-point": "^2.0.0",
                "strip-ansi": "^5.1.0"
              }
            }
          }
        },
        "text-table": {
          "version": "0.2.0",
          "bundled": true,
          "dev": true
        },
        "through": {
          "version": "2.3.8",
          "bundled": true,
          "dev": true
        },
        "tmp": {
          "version": "0.0.33",
          "bundled": true,
          "dev": true,
          "requires": {
            "os-tmpdir": "~1.0.2"
          }
        },
        "tslib": {
          "version": "1.11.2",
          "bundled": true,
          "dev": true
        },
        "type-check": {
          "version": "0.3.2",
          "bundled": true,
          "dev": true,
          "requires": {
            "prelude-ls": "~1.1.2"
          }
        },
        "type-fest": {
          "version": "0.8.1",
          "bundled": true,
          "dev": true
        },
        "uri-js": {
          "version": "4.2.2",
          "bundled": true,
          "dev": true,
          "requires": {
            "punycode": "^2.1.0"
          }
        },
        "v8-compile-cache": {
          "version": "2.1.0",
          "bundled": true,
          "dev": true
        },
        "which": {
          "version": "1.3.1",
          "bundled": true,
          "dev": true,
          "requires": {
            "isexe": "^2.0.0"
          }
        },
        "word-wrap": {
          "version": "1.2.3",
          "bundled": true,
          "dev": true
        },
        "wrappy": {
          "version": "1.0.2",
          "bundled": true,
          "dev": true
        },
        "write": {
          "version": "1.0.3",
          "bundled": true,
          "dev": true,
          "requires": {
            "mkdirp": "^0.5.1"
          }
        }
      }
    },
    "eslint-config-standard": {
      "version": "14.1.1",
      "dev": true
    },
    "eslint-plugin-import": {
      "version": "2.20.2",
      "dev": true,
      "requires": {
        "array-includes": "^3.0.3",
        "array.prototype.flat": "^1.2.1",
        "contains-path": "^0.1.0",
        "debug": "^2.6.9",
        "doctrine": "1.5.0",
        "eslint-import-resolver-node": "^0.3.2",
        "eslint-module-utils": "^2.4.1",
        "has": "^1.0.3",
        "minimatch": "^3.0.4",
        "object.values": "^1.1.0",
        "read-pkg-up": "^2.0.0",
        "resolve": "^1.12.0"
      },
      "dependencies": {
        "array-includes": {
          "version": "3.1.1",
          "bundled": true,
          "dev": true,
          "requires": {
            "define-properties": "^1.1.3",
            "es-abstract": "^1.17.0",
            "is-string": "^1.0.5"
          }
        },
        "array.prototype.flat": {
          "version": "1.2.3",
          "bundled": true,
          "dev": true,
          "requires": {
            "define-properties": "^1.1.3",
            "es-abstract": "^1.17.0-next.1"
          }
        },
        "balanced-match": {
          "version": "1.0.0",
          "bundled": true,
          "dev": true
        },
        "brace-expansion": {
          "version": "1.1.11",
          "bundled": true,
          "dev": true,
          "requires": {
            "balanced-match": "^1.0.0",
            "concat-map": "0.0.1"
          }
        },
        "concat-map": {
          "version": "0.0.1",
          "bundled": true,
          "dev": true
        },
        "contains-path": {
          "version": "0.1.0",
          "bundled": true,
          "dev": true
        },
        "debug": {
          "version": "2.6.9",
          "bundled": true,
          "dev": true,
          "requires": {
            "ms": "2.0.0"
          }
        },
        "define-properties": {
          "version": "1.1.3",
          "bundled": true,
          "dev": true,
          "requires": {
            "object-keys": "^1.0.12"
          }
        },
        "doctrine": {
          "version": "1.5.0",
          "bundled": true,
          "dev": true,
          "requires": {
            "esutils": "^2.0.2",
            "isarray": "^1.0.0"
          }
        },
        "error-ex": {
          "version": "1.3.2",
          "bundled": true,
          "dev": true,
          "requires": {
            "is-arrayish": "^0.2.1"
          }
        },
        "es-abstract": {
          "version": "1.17.5",
          "bundled": true,
          "dev": true,
          "requires": {
            "es-to-primitive": "^1.2.1",
            "function-bind": "^1.1.1",
            "has": "^1.0.3",
            "has-symbols": "^1.0.1",
            "is-callable": "^1.1.5",
            "is-regex": "^1.0.5",
            "object-inspect": "^1.7.0",
            "object-keys": "^1.1.1",
            "object.assign": "^4.1.0",
            "string.prototype.trimleft": "^2.1.1",
            "string.prototype.trimright": "^2.1.1"
          }
        },
        "es-to-primitive": {
          "version": "1.2.1",
          "bundled": true,
          "dev": true,
          "requires": {
            "is-callable": "^1.1.4",
            "is-date-object": "^1.0.1",
            "is-symbol": "^1.0.2"
          }
        },
        "eslint-import-resolver-node": {
          "version": "0.3.3",
          "bundled": true,
          "dev": true,
          "requires": {
            "debug": "^2.6.9",
            "resolve": "^1.13.1"
          }
        },
        "eslint-module-utils": {
          "version": "2.6.0",
          "bundled": true,
          "dev": true,
          "requires": {
            "debug": "^2.6.9",
            "pkg-dir": "^2.0.0"
          }
        },
        "esutils": {
          "version": "2.0.3",
          "bundled": true,
          "dev": true
        },
        "find-up": {
          "version": "2.1.0",
          "bundled": true,
          "dev": true,
          "requires": {
            "locate-path": "^2.0.0"
          }
        },
        "function-bind": {
          "version": "1.1.1",
          "bundled": true,
          "dev": true
        },
        "graceful-fs": {
          "version": "4.2.4",
          "bundled": true,
          "dev": true
        },
        "has": {
          "version": "1.0.3",
          "bundled": true,
          "dev": true,
          "requires": {
            "function-bind": "^1.1.1"
          }
        },
        "has-symbols": {
          "version": "1.0.1",
          "bundled": true,
          "dev": true
        },
        "hosted-git-info": {
          "version": "2.8.8",
          "bundled": true,
          "dev": true
        },
        "is-arrayish": {
          "version": "0.2.1",
          "bundled": true,
          "dev": true
        },
        "is-callable": {
          "version": "1.1.5",
          "bundled": true,
          "dev": true
        },
        "is-date-object": {
          "version": "1.0.2",
          "bundled": true,
          "dev": true
        },
        "is-regex": {
          "version": "1.0.5",
          "bundled": true,
          "dev": true,
          "requires": {
            "has": "^1.0.3"
          }
        },
        "is-string": {
          "version": "1.0.5",
          "bundled": true,
          "dev": true
        },
        "is-symbol": {
          "version": "1.0.3",
          "bundled": true,
          "dev": true,
          "requires": {
            "has-symbols": "^1.0.1"
          }
        },
        "isarray": {
          "version": "1.0.0",
          "bundled": true,
          "dev": true
        },
        "load-json-file": {
          "version": "2.0.0",
          "bundled": true,
          "dev": true,
          "requires": {
            "graceful-fs": "^4.1.2",
            "parse-json": "^2.2.0",
            "pify": "^2.0.0",
            "strip-bom": "^3.0.0"
          }
        },
        "locate-path": {
          "version": "2.0.0",
          "bundled": true,
          "dev": true,
          "requires": {
            "p-locate": "^2.0.0",
            "path-exists": "^3.0.0"
          }
        },
        "minimatch": {
          "version": "3.0.4",
          "bundled": true,
          "dev": true,
          "requires": {
            "brace-expansion": "^1.1.7"
          }
        },
        "ms": {
          "version": "2.0.0",
          "bundled": true,
          "dev": true
        },
        "normalize-package-data": {
          "version": "2.5.0",
          "bundled": true,
          "dev": true,
          "requires": {
            "hosted-git-info": "^2.1.4",
            "resolve": "^1.10.0",
            "semver": "2 || 3 || 4 || 5",
            "validate-npm-package-license": "^3.0.1"
          }
        },
        "object-inspect": {
          "version": "1.7.0",
          "bundled": true,
          "dev": true
        },
        "object-keys": {
          "version": "1.1.1",
          "bundled": true,
          "dev": true
        },
        "object.assign": {
          "version": "4.1.0",
          "bundled": true,
          "dev": true,
          "requires": {
            "define-properties": "^1.1.2",
            "function-bind": "^1.1.1",
            "has-symbols": "^1.0.0",
            "object-keys": "^1.0.11"
          }
        },
        "object.values": {
          "version": "1.1.1",
          "bundled": true,
          "dev": true,
          "requires": {
            "define-properties": "^1.1.3",
            "es-abstract": "^1.17.0-next.1",
            "function-bind": "^1.1.1",
            "has": "^1.0.3"
          }
        },
        "p-limit": {
          "version": "1.3.0",
          "bundled": true,
          "dev": true,
          "requires": {
            "p-try": "^1.0.0"
          }
        },
        "p-locate": {
          "version": "2.0.0",
          "bundled": true,
          "dev": true,
          "requires": {
            "p-limit": "^1.1.0"
          }
        },
        "p-try": {
          "version": "1.0.0",
          "bundled": true,
          "dev": true
        },
        "parse-json": {
          "version": "2.2.0",
          "bundled": true,
          "dev": true,
          "requires": {
            "error-ex": "^1.2.0"
          }
        },
        "path-exists": {
          "version": "3.0.0",
          "bundled": true,
          "dev": true
        },
        "path-parse": {
          "version": "1.0.6",
          "bundled": true,
          "dev": true
        },
        "path-type": {
          "version": "2.0.0",
          "bundled": true,
          "dev": true,
          "requires": {
            "pify": "^2.0.0"
          }
        },
        "pify": {
          "version": "2.3.0",
          "bundled": true,
          "dev": true
        },
        "pkg-dir": {
          "version": "2.0.0",
          "bundled": true,
          "dev": true,
          "requires": {
            "find-up": "^2.1.0"
          }
        },
        "read-pkg": {
          "version": "2.0.0",
          "bundled": true,
          "dev": true,
          "requires": {
            "load-json-file": "^2.0.0",
            "normalize-package-data": "^2.3.2",
            "path-type": "^2.0.0"
          }
        },
        "read-pkg-up": {
          "version": "2.0.0",
          "bundled": true,
          "dev": true,
          "requires": {
            "find-up": "^2.0.0",
            "read-pkg": "^2.0.0"
          }
        },
        "resolve": {
          "version": "1.17.0",
          "bundled": true,
          "dev": true,
          "requires": {
            "path-parse": "^1.0.6"
          }
        },
        "semver": {
          "version": "5.7.1",
          "bundled": true,
          "dev": true
        },
        "spdx-correct": {
          "version": "3.1.0",
          "bundled": true,
          "dev": true,
          "requires": {
            "spdx-expression-parse": "^3.0.0",
            "spdx-license-ids": "^3.0.0"
          }
        },
        "spdx-exceptions": {
          "version": "2.3.0",
          "bundled": true,
          "dev": true
        },
        "spdx-expression-parse": {
          "version": "3.0.0",
          "bundled": true,
          "dev": true,
          "requires": {
            "spdx-exceptions": "^2.1.0",
            "spdx-license-ids": "^3.0.0"
          }
        },
        "spdx-license-ids": {
          "version": "3.0.5",
          "bundled": true,
          "dev": true
        },
        "string.prototype.trimend": {
          "version": "1.0.1",
          "bundled": true,
          "dev": true,
          "requires": {
            "define-properties": "^1.1.3",
            "es-abstract": "^1.17.5"
          }
        },
        "string.prototype.trimleft": {
          "version": "2.1.2",
          "bundled": true,
          "dev": true,
          "requires": {
            "define-properties": "^1.1.3",
            "es-abstract": "^1.17.5",
            "string.prototype.trimstart": "^1.0.0"
          }
        },
        "string.prototype.trimright": {
          "version": "2.1.2",
          "bundled": true,
          "dev": true,
          "requires": {
            "define-properties": "^1.1.3",
            "es-abstract": "^1.17.5",
            "string.prototype.trimend": "^1.0.0"
          }
        },
        "string.prototype.trimstart": {
          "version": "1.0.1",
          "bundled": true,
          "dev": true,
          "requires": {
            "define-properties": "^1.1.3",
            "es-abstract": "^1.17.5"
          }
        },
        "strip-bom": {
          "version": "3.0.0",
          "bundled": true,
          "dev": true
        },
        "validate-npm-package-license": {
          "version": "3.0.4",
          "bundled": true,
          "dev": true,
          "requires": {
            "spdx-correct": "^3.0.0",
            "spdx-expression-parse": "^3.0.0"
          }
        }
      }
    },
    "eslint-plugin-node": {
      "version": "10.0.0",
      "dev": true,
      "requires": {
        "eslint-plugin-es": "^2.0.0",
        "eslint-utils": "^1.4.2",
        "ignore": "^5.1.1",
        "minimatch": "^3.0.4",
        "resolve": "^1.10.1",
        "semver": "^6.1.0"
      },
      "dependencies": {
        "balanced-match": {
          "version": "1.0.0",
          "bundled": true,
          "dev": true
        },
        "brace-expansion": {
          "version": "1.1.11",
          "bundled": true,
          "dev": true,
          "requires": {
            "balanced-match": "^1.0.0",
            "concat-map": "0.0.1"
          }
        },
        "concat-map": {
          "version": "0.0.1",
          "bundled": true,
          "dev": true
        },
        "eslint-plugin-es": {
          "version": "2.0.0",
          "bundled": true,
          "dev": true,
          "requires": {
            "eslint-utils": "^1.4.2",
            "regexpp": "^3.0.0"
          }
        },
        "eslint-utils": {
          "version": "1.4.3",
          "bundled": true,
          "dev": true,
          "requires": {
            "eslint-visitor-keys": "^1.1.0"
          }
        },
        "eslint-visitor-keys": {
          "version": "1.1.0",
          "bundled": true,
          "dev": true
        },
        "ignore": {
          "version": "5.1.4",
          "bundled": true,
          "dev": true
        },
        "minimatch": {
          "version": "3.0.4",
          "bundled": true,
          "dev": true,
          "requires": {
            "brace-expansion": "^1.1.7"
          }
        },
        "path-parse": {
          "version": "1.0.6",
          "bundled": true,
          "dev": true
        },
        "regexpp": {
          "version": "3.1.0",
          "bundled": true,
          "dev": true
        },
        "resolve": {
          "version": "1.17.0",
          "bundled": true,
          "dev": true,
          "requires": {
            "path-parse": "^1.0.6"
          }
        },
        "semver": {
          "version": "6.3.0",
          "bundled": true,
          "dev": true
        }
      }
    },
    "eslint-plugin-promise": {
      "version": "4.2.1",
      "dev": true
    },
    "eslint-plugin-standard": {
      "version": "4.0.1",
      "dev": true
    },
    "supervisor": {
      "version": "0.12.0",
      "dev": true
    },
    "telegraf": {
      "version": "3.38.0",
      "requires": {
        "debug": "^4.0.1",
        "minimist": "^1.2.0",
        "module-alias": "^2.2.2",
        "node-fetch": "^2.2.0",
        "sandwich-stream": "^2.0.1",
        "telegram-typings": "^3.6.0"
      },
      "dependencies": {
        "debug": {
          "version": "4.1.1",
          "bundled": true,
          "requires": {
            "ms": "^2.1.1"
          }
        },
        "minimist": {
          "version": "1.2.5",
          "bundled": true
        },
        "module-alias": {
          "version": "2.2.2",
          "bundled": true
        },
        "ms": {
          "version": "2.1.2",
          "bundled": true
        },
        "node-fetch": {
          "version": "2.6.0",
          "bundled": true
        },
        "sandwich-stream": {
          "version": "2.0.2",
          "bundled": true
        },
        "telegram-typings": {
          "version": "3.6.1",
          "bundled": true
        }
      }
    }
  }
}
